{
  "name": "link-lens",
  "version": "1.0.0",
  "lockfileVersion": 3,
  "requires": true,
  "packages": {
    "": {
      "name": "link-lens",
      "version": "1.0.0",
      "license": "ISC",
      "dependencies": {
        "hnswlib-wasm": "^0.8.2"
      }
    },
    "node_modules/hnswlib-wasm": {
      "version": "0.8.2",
      "resolved": "https://registry.npmjs.org/hnswlib-wasm/-/hnswlib-wasm-0.8.2.tgz",
      "integrity": "sha512-qEgKETj4rMOYRA1esP0bxVosw9Wrz5S/HvjI2FBWOXG5rf5/Es4OoEWGVvztFihDNU5if61l6QGhW5ILtt+PqA=="
    }
  }
}
